<?xml version="1.0" encoding="utf-8"?>
<Project ToolsVersion="17.0" xmlns="http://schemas.microsoft.com/developer/msbuild/2003">
  <ItemGroup>
    <ClCompile Include="C:\Users\79851\Desktop\re2dfa\main.cpp">
      <Filter>Source Files</Filter>
    </ClCompile>
    <ClCompile Include="C:\Users\79851\Desktop\re2dfa\task.cpp">
      <Filter>Source Files</Filter>
    </ClCompile>
  </ItemGroup>
  <ItemGroup>
    <CustomBuild Include="C:\Users\79851\Desktop\re2dfa\CMakeLists.txt" />
  </ItemGroup>
  <ItemGroup>
    <Filter Include="Source Files">
      <UniqueIdentifier>{522DB900-76D3-33A3-9FB6-39409AE47029}</UniqueIdentifier>
    </Filter>
  </ItemGroup>
  <ItemGroup>
    <None Include="re2dfa.in">
      <Filter>Source Files</Filter>
    </None>
    <None Include="re2dfa.out">
      <Filter>Source Files</Filter>
    </None>
  </ItemGroup>
</Project>